
Microsoft Visual Studio Solution File, Format Version 12.00
# Visual Studio Version 16
VisualStudioVersion = 16.0.31129.286
MinimumVisualStudioVersion = 10.0.40219.1
Project("{FAE04EC0-301F-11D3-BF4B-00C04F79EFBC}") = "ImgSqizr", "ImgSqizr\ImgSqizr.csproj", "{28FBF5F1-D067-4C09-92B4-8E8DB10D3AAE}"
EndProject
Project("{2150E333-8FDC-42A3-9474-1A3956D46DE8}") = "Solution Items", "Solution Items", "{BA05034E-51C3-45E9-AC61-349FEBB4136E}"
	ProjectSection(SolutionItems) = preProject
		README.md = README.md
	EndProjectSection
EndProject
Global
	GlobalSection(SolutionConfigurationPlatforms) = preSolution
		Debug|Any CPU = Debug|Any CPU
		Release|Any CPU = Release|Any CPU
	EndGlobalSection
	GlobalSection(ProjectConfigurationPlatforms) = postSolution
		{28FBF5F1-D067-4C09-92B4-8E8DB10D3AAE}.Debug|Any CPU.ActiveCfg = Debug|Any CPU
		{28FBF5F1-D067-4C09-92B4-8E8DB10D3AAE}.Debug|Any CPU.Build.0 = Debug|Any CPU
		{28FBF5F1-D067-4C09-92B4-8E8DB10D3AAE}.Release|Any CPU.ActiveCfg = Release|Any CPU
		{28FBF5F1-D067-4C09-92B4-8E8DB10D3AAE}.Release|Any CPU.Build.0 = Release|Any CPU
	EndGlobalSection
	GlobalSection(SolutionProperties) = preSolution
		HideSolutionNode = FALSE
	EndGlobalSection
	GlobalSection(ExtensibilityGlobals) = postSolution
		SolutionGuid = {391AB4A5-E0C3-4932-8703-D4DF87B79EA6}
	EndGlobalSection
EndGlobal
